{
  "version": 4,
  "terraform_version": "1.1.7",
  "serial": 19,
  "lineage": "abf0f007-dc9c-43bb-eacd-8e682db1c743",
  "outputs": {},
  "resources": [
    {
      "mode": "managed",
      "type": "google_compute_instance",
      "name": "room-2-webserver1",
      "provider": "provider[\"registry.terraform.io/hashicorp/google\"]",
      "instances": [
        {
          "schema_version": 6,
          "attributes": {
            "advanced_machine_features": [],
            "allow_stopping_for_update": null,
            "attached_disk": [],
            "boot_disk": [
              {
                "auto_delete": true,
                "device_name": "persistent-disk-0",
                "disk_encryption_key_raw": "",
                "disk_encryption_key_sha256": "",
                "initialize_params": [
                  {
                    "image": "https://www.googleapis.com/compute/v1/projects/debian-cloud/global/images/debian-9-stretch-v20220310",
                    "labels": {},
                    "size": 10,
                    "type": "pd-standard"
                  }
                ],
                "kms_key_self_link": "",
                "mode": "READ_WRITE",
                "source": "https://www.googleapis.com/compute/v1/projects/devops-343007/zones/europe-west1-c/disks/room-2-webserver1"
              }
            ],
            "can_ip_forward": false,
            "confidential_instance_config": [],
            "cpu_platform": "Intel Broadwell",
            "current_status": "RUNNING",
            "deletion_protection": false,
            "description": "",
            "desired_status": null,
            "enable_display": false,
            "guest_accelerator": [],
            "hostname": "",
            "id": "projects/devops-343007/zones/europe-west1-c/instances/room-2-webserver1",
            "instance_id": "8338132031376872909",
            "label_fingerprint": "42WmSpB8rSM=",
            "labels": null,
            "machine_type": "e2-medium",
            "metadata": null,
            "metadata_fingerprint": "4YBjauMuwf4=",
            "metadata_startup_script": null,
            "min_cpu_platform": "",
            "name": "room-2-webserver1",
            "network_interface": [
              {
                "access_config": [
                  {
                    "nat_ip": "34.79.35.167",
                    "network_tier": "PREMIUM",
                    "public_ptr_domain_name": ""
                  }
                ],
                "alias_ip_range": [],
                "ipv6_access_config": [],
                "ipv6_access_type": "",
                "name": "nic0",
                "network": "https://www.googleapis.com/compute/v1/projects/devops-343007/global/networks/vpc-5",
                "network_ip": "172.16.0.2",
                "nic_type": "",
                "queue_count": 0,
                "stack_type": "IPV4_ONLY",
                "subnetwork": "https://www.googleapis.com/compute/v1/projects/devops-343007/regions/europe-west1/subnetworks/room-2-subnet-a",
                "subnetwork_project": "devops-343007"
              }
            ],
            "project": "devops-343007",
            "reservation_affinity": [],
            "resource_policies": null,
            "scheduling": [
              {
                "automatic_restart": true,
                "min_node_cpus": 0,
                "node_affinities": [],
                "on_host_maintenance": "MIGRATE",
                "preemptible": false
              }
            ],
            "scratch_disk": [],
            "self_link": "https://www.googleapis.com/compute/v1/projects/devops-343007/zones/europe-west1-c/instances/room-2-webserver1",
            "service_account": [],
            "shielded_instance_config": [],
            "tags": null,
            "tags_fingerprint": "42WmSpB8rSM=",
            "timeouts": null,
            "zone": "europe-west1-c"
          },
          "sensitive_attributes": [],
          "private": "eyJlMmJmYjczMC1lY2FhLTExZTYtOGY4OC0zNDM2M2JjN2M0YzAiOnsiY3JlYXRlIjoxMjAwMDAwMDAwMDAwLCJkZWxldGUiOjEyMDAwMDAwMDAwMDAsInVwZGF0ZSI6MTIwMDAwMDAwMDAwMH0sInNjaGVtYV92ZXJzaW9uIjoiNiJ9",
          "dependencies": [
            "google_compute_network.vpc-5",
            "google_compute_subnetwork.room-2-subnet-a"
          ]
        }
      ]
    },
    {
      "mode": "managed",
      "type": "google_compute_instance",
      "name": "room-2-webserver2",
      "provider": "provider[\"registry.terraform.io/hashicorp/google\"]",
      "instances": [
        {
          "schema_version": 6,
          "attributes": {
            "advanced_machine_features": [],
            "allow_stopping_for_update": null,
            "attached_disk": [],
            "boot_disk": [
              {
                "auto_delete": true,
                "device_name": "persistent-disk-0",
                "disk_encryption_key_raw": "",
                "disk_encryption_key_sha256": "",
                "initialize_params": [
                  {
                    "image": "https://www.googleapis.com/compute/v1/projects/debian-cloud/global/images/debian-9-stretch-v20220310",
                    "labels": {},
                    "size": 10,
                    "type": "pd-standard"
                  }
                ],
                "kms_key_self_link": "",
                "mode": "READ_WRITE",
                "source": "https://www.googleapis.com/compute/v1/projects/devops-343007/zones/europe-west2-b/disks/room-2-webserver2"
              }
            ],
            "can_ip_forward": false,
            "confidential_instance_config": [],
            "cpu_platform": "Intel Broadwell",
            "current_status": "RUNNING",
            "deletion_protection": false,
            "description": "",
            "desired_status": null,
            "enable_display": false,
            "guest_accelerator": [],
            "hostname": "",
            "id": "projects/devops-343007/zones/europe-west2-b/instances/room-2-webserver2",
            "instance_id": "8293195768538748364",
            "label_fingerprint": "42WmSpB8rSM=",
            "labels": null,
            "machine_type": "e2-medium",
            "metadata": null,
            "metadata_fingerprint": "4YBjauMuwf4=",
            "metadata_startup_script": null,
            "min_cpu_platform": "",
            "name": "room-2-webserver2",
            "network_interface": [
              {
                "access_config": [
                  {
                    "nat_ip": "34.105.231.216",
                    "network_tier": "PREMIUM",
                    "public_ptr_domain_name": ""
                  }
                ],
                "alias_ip_range": [],
                "ipv6_access_config": [],
                "ipv6_access_type": "",
                "name": "nic0",
                "network": "https://www.googleapis.com/compute/v1/projects/devops-343007/global/networks/vpc-5",
                "network_ip": "172.17.0.2",
                "nic_type": "",
                "queue_count": 0,
                "stack_type": "IPV4_ONLY",
                "subnetwork": "https://www.googleapis.com/compute/v1/projects/devops-343007/regions/europe-west2/subnetworks/room-2-subnet-b",
                "subnetwork_project": "devops-343007"
              }
            ],
            "project": "devops-343007",
            "reservation_affinity": [],
            "resource_policies": null,
            "scheduling": [
              {
                "automatic_restart": true,
                "min_node_cpus": 0,
                "node_affinities": [],
                "on_host_maintenance": "MIGRATE",
                "preemptible": false
              }
            ],
            "scratch_disk": [],
            "self_link": "https://www.googleapis.com/compute/v1/projects/devops-343007/zones/europe-west2-b/instances/room-2-webserver2",
            "service_account": [],
            "shielded_instance_config": [],
            "tags": null,
            "tags_fingerprint": "42WmSpB8rSM=",
            "timeouts": null,
            "zone": "europe-west2-b"
          },
          "sensitive_attributes": [],
          "private": "eyJlMmJmYjczMC1lY2FhLTExZTYtOGY4OC0zNDM2M2JjN2M0YzAiOnsiY3JlYXRlIjoxMjAwMDAwMDAwMDAwLCJkZWxldGUiOjEyMDAwMDAwMDAwMDAsInVwZGF0ZSI6MTIwMDAwMDAwMDAwMH0sInNjaGVtYV92ZXJzaW9uIjoiNiJ9",
          "dependencies": [
            "google_compute_network.vpc-5",
            "google_compute_subnetwork.room-2-subnet-b"
          ]
        }
      ]
    },
    {
      "mode": "managed",
      "type": "google_compute_network",
      "name": "vpc-5",
      "provider": "provider[\"registry.terraform.io/hashicorp/google\"]",
      "instances": [
        {
          "schema_version": 0,
          "attributes": {
            "auto_create_subnetworks": false,
            "delete_default_routes_on_create": false,
            "description": "",
            "gateway_ipv4": "",
            "id": "projects/devops-343007/global/networks/vpc-5",
            "mtu": 0,
            "name": "vpc-5",
            "project": "devops-343007",
            "routing_mode": "REGIONAL",
            "self_link": "https://www.googleapis.com/compute/v1/projects/devops-343007/global/networks/vpc-5",
            "timeouts": null
          },
          "sensitive_attributes": [],
          "private": "eyJlMmJmYjczMC1lY2FhLTExZTYtOGY4OC0zNDM2M2JjN2M0YzAiOnsiY3JlYXRlIjoxMjAwMDAwMDAwMDAwLCJkZWxldGUiOjEyMDAwMDAwMDAwMDAsInVwZGF0ZSI6MTIwMDAwMDAwMDAwMH19"
        }
      ]
    },
    {
      "mode": "managed",
      "type": "google_compute_subnetwork",
      "name": "room-2-subnet-a",
      "provider": "provider[\"registry.terraform.io/hashicorp/google\"]",
      "instances": [
        {
          "schema_version": 0,
          "attributes": {
            "creation_timestamp": "2022-03-11T16:36:27.950-08:00",
            "description": "",
            "external_ipv6_prefix": "",
            "fingerprint": null,
            "gateway_address": "172.16.0.1",
            "id": "projects/devops-343007/regions/europe-west1/subnetworks/room-2-subnet-a",
            "ip_cidr_range": "172.16.0.0/16",
            "ipv6_access_type": "",
            "ipv6_cidr_range": "",
            "log_config": [],
            "name": "room-2-subnet-a",
            "network": "https://www.googleapis.com/compute/v1/projects/devops-343007/global/networks/vpc-5",
            "private_ip_google_access": false,
            "private_ipv6_google_access": "DISABLE_GOOGLE_ACCESS",
            "project": "devops-343007",
            "purpose": "PRIVATE",
            "region": "europe-west1",
            "role": "",
            "secondary_ip_range": [],
            "self_link": "https://www.googleapis.com/compute/v1/projects/devops-343007/regions/europe-west1/subnetworks/room-2-subnet-a",
            "stack_type": "IPV4_ONLY",
            "timeouts": null
          },
          "sensitive_attributes": [],
          "private": "eyJlMmJmYjczMC1lY2FhLTExZTYtOGY4OC0zNDM2M2JjN2M0YzAiOnsiY3JlYXRlIjoxMjAwMDAwMDAwMDAwLCJkZWxldGUiOjEyMDAwMDAwMDAwMDAsInVwZGF0ZSI6MTIwMDAwMDAwMDAwMH19",
          "dependencies": [
            "google_compute_network.vpc-5"
          ]
        }
      ]
    },
    {
      "mode": "managed",
      "type": "google_compute_subnetwork",
      "name": "room-2-subnet-b",
      "provider": "provider[\"registry.terraform.io/hashicorp/google\"]",
      "instances": [
        {
          "schema_version": 0,
          "attributes": {
            "creation_timestamp": "2022-03-11T16:36:27.981-08:00",
            "description": "",
            "external_ipv6_prefix": "",
            "fingerprint": null,
            "gateway_address": "172.17.0.1",
            "id": "projects/devops-343007/regions/europe-west2/subnetworks/room-2-subnet-b",
            "ip_cidr_range": "172.17.0.0/16",
            "ipv6_access_type": "",
            "ipv6_cidr_range": "",
            "log_config": [],
            "name": "room-2-subnet-b",
            "network": "https://www.googleapis.com/compute/v1/projects/devops-343007/global/networks/vpc-5",
            "private_ip_google_access": false,
            "private_ipv6_google_access": "DISABLE_GOOGLE_ACCESS",
            "project": "devops-343007",
            "purpose": "PRIVATE",
            "region": "europe-west2",
            "role": "",
            "secondary_ip_range": [],
            "self_link": "https://www.googleapis.com/compute/v1/projects/devops-343007/regions/europe-west2/subnetworks/room-2-subnet-b",
            "stack_type": "IPV4_ONLY",
            "timeouts": null
          },
          "sensitive_attributes": [],
          "private": "eyJlMmJmYjczMC1lY2FhLTExZTYtOGY4OC0zNDM2M2JjN2M0YzAiOnsiY3JlYXRlIjoxMjAwMDAwMDAwMDAwLCJkZWxldGUiOjEyMDAwMDAwMDAwMDAsInVwZGF0ZSI6MTIwMDAwMDAwMDAwMH19",
          "dependencies": [
            "google_compute_network.vpc-5"
          ]
        }
      ]
    }
  ]
}
